
Microsoft Visual Studio Solution File, Format Version 12.00
# Visual Studio Version 17
VisualStudioVersion = 17.3.32929.385
MinimumVisualStudioVersion = 10.0.40219.1
Project("{9A19103F-16F7-4668-BE54-9A1E7A4F7556}") = "Conduit.API", "Conduit.API\Conduit.API.csproj", "{3B839971-DB5E-4D88-88F0-F0A37AF580EB}"
EndProject
Project("{9A19103F-16F7-4668-BE54-9A1E7A4F7556}") = "Conduit.Db", "Conduit.Db\Conduit.Db.csproj", "{BE299E84-60BB-45DC-887A-CAEF6FC6C770}"
EndProject
Global
	GlobalSection(SolutionConfigurationPlatforms) = preSolution
		Debug|Any CPU = Debug|Any CPU
		Release|Any CPU = Release|Any CPU
	EndGlobalSection
	GlobalSection(ProjectConfigurationPlatforms) = postSolution
		{3B839971-DB5E-4D88-88F0-F0A37AF580EB}.Debug|Any CPU.ActiveCfg = Debug|Any CPU
		{3B839971-DB5E-4D88-88F0-F0A37AF580EB}.Debug|Any CPU.Build.0 = Debug|Any CPU
		{3B839971-DB5E-4D88-88F0-F0A37AF580EB}.Release|Any CPU.ActiveCfg = Release|Any CPU
		{3B839971-DB5E-4D88-88F0-F0A37AF580EB}.Release|Any CPU.Build.0 = Release|Any CPU
		{BE299E84-60BB-45DC-887A-CAEF6FC6C770}.Debug|Any CPU.ActiveCfg = Debug|Any CPU
		{BE299E84-60BB-45DC-887A-CAEF6FC6C770}.Debug|Any CPU.Build.0 = Debug|Any CPU
		{BE299E84-60BB-45DC-887A-CAEF6FC6C770}.Release|Any CPU.ActiveCfg = Release|Any CPU
		{BE299E84-60BB-45DC-887A-CAEF6FC6C770}.Release|Any CPU.Build.0 = Release|Any CPU
	EndGlobalSection
	GlobalSection(SolutionProperties) = preSolution
		HideSolutionNode = FALSE
	EndGlobalSection
	GlobalSection(ExtensibilityGlobals) = postSolution
		SolutionGuid = {46F24D30-E386-4B63-BD96-EC5AA2A99A11}
	EndGlobalSection
EndGlobal
